
Microsoft Visual Studio Solution File, Format Version 9.00
# Visual Studio 2005
Project("{8BC9CEB8-8B4A-11D0-8D11-00A0C91BC942}") = "taika_savereport", "taika_savereport.vcproj", "{7C388442-0164-4157-9A01-8882F73FF2DF}"
EndProject
Global
	GlobalSection(SolutionConfigurationPlatforms) = preSolution
		Debug|Win32 = Debug|Win32
		Release|Win32 = Release|Win32
	EndGlobalSection
	GlobalSection(ProjectConfigurationPlatforms) = postSolution
		{7C388442-0164-4157-9A01-8882F73FF2DF}.Debug|Win32.ActiveCfg = Debug|Win32
		{7C388442-0164-4157-9A01-8882F73FF2DF}.Debug|Win32.Build.0 = Debug|Win32
		{7C388442-0164-4157-9A01-8882F73FF2DF}.Release|Win32.ActiveCfg = Release|Win32
		{7C388442-0164-4157-9A01-8882F73FF2DF}.Release|Win32.Build.0 = Release|Win32
	EndGlobalSection
	GlobalSection(SolutionProperties) = preSolution
		HideSolutionNode = FALSE
	EndGlobalSection
EndGlobal
